
Microsoft Visual Studio Solution File, Format Version 12.00
# Visual Studio 2013
VisualStudioVersion = 12.0.21005.1
MinimumVisualStudioVersion = 10.0.40219.1
Project("{FAE04EC0-301F-11D3-BF4B-00C04F79EFBC}") = "EIS.FEW", "EIS.FEW\EIS.FEW.csproj", "{FB711385-241F-49BB-B63B-300AEAD78F18}"
EndProject
Project("{FAE04EC0-301F-11D3-BF4B-00C04F79EFBC}") = "EIS.Core", "EIS.Core\EIS.Core.csproj", "{2E69A46E-F793-4F43-8720-CEE24B735DF3}"
EndProject
Global
	GlobalSection(SubversionScc) = preSolution
		Svn-Managed = True
		Manager = AnkhSVN - Subversion Support for Visual Studio
	EndGlobalSection
	GlobalSection(SolutionConfigurationPlatforms) = preSolution
		Debug|Any CPU = Debug|Any CPU
		Release|Any CPU = Release|Any CPU
	EndGlobalSection
	GlobalSection(ProjectConfigurationPlatforms) = postSolution
		{FB711385-241F-49BB-B63B-300AEAD78F18}.Debug|Any CPU.ActiveCfg = Debug|Any CPU
		{FB711385-241F-49BB-B63B-300AEAD78F18}.Debug|Any CPU.Build.0 = Debug|Any CPU
		{FB711385-241F-49BB-B63B-300AEAD78F18}.Release|Any CPU.ActiveCfg = Release|Any CPU
		{FB711385-241F-49BB-B63B-300AEAD78F18}.Release|Any CPU.Build.0 = Release|Any CPU
		{2E69A46E-F793-4F43-8720-CEE24B735DF3}.Debug|Any CPU.ActiveCfg = Debug|Any CPU
		{2E69A46E-F793-4F43-8720-CEE24B735DF3}.Debug|Any CPU.Build.0 = Debug|Any CPU
		{2E69A46E-F793-4F43-8720-CEE24B735DF3}.Release|Any CPU.ActiveCfg = Release|Any CPU
		{2E69A46E-F793-4F43-8720-CEE24B735DF3}.Release|Any CPU.Build.0 = Release|Any CPU
	EndGlobalSection
	GlobalSection(SolutionProperties) = preSolution
		HideSolutionNode = FALSE
	EndGlobalSection
EndGlobal
